{
    "_readme": [
        "This file locks the dependencies of your project to a known state",
        "Read more about it at https://getcomposer.org/doc/01-basic-usage.md#composer-lock-the-lock-file",
        "This file is @generated automatically"
    ],
    "content-hash": "dd26c74e946c3392c68ef49a7c2df2c6",
    "packages": [
        {
            "name": "constructions-incongrues/ananas-build-toolkit",
            "version": "0.38.6",
            "source": {
                "type": "git",
                "url": "git@github.com:constructions-incongrues/ananas-build-toolkit.git",
                "reference": "91353e190fb702a7c38c21d8671b4de56dd29764"
            },
            "require": {
                "php": ">=5.5.0"
            },
            "type": "library",
            "authors": [
                {
                    "name": "Constructions Incongrues",
                    "email": "contact@constructions-incongrues.net"
                }
            ],
            "description": "L'Ananas Build Toolkit est un framework de configuration et de déploiement de projet logiciel.",
            "homepage": "https://github.com/constructions-incongrues/ananas-build-toolkit",
            "support": {
                "issues": "https://github.com/constructions-incongrues/ananas-build-toolkit/issues",
                "source": "https://github.com/constructions-incongrues/ananas-build-toolkit"
            },
            "time": "2017-09-28T16:04:04+00:00"
        }
    ],
    "packages-dev": [],
    "aliases": [],
    "minimum-stability": "stable",
    "stability-flags": [],
    "prefer-stable": false,
    "prefer-lowest": false,
    "platform": [],
    "platform-dev": []
}
